
Microsoft Visual Studio Solution File, Format Version 12.00
# Visual Studio Version 16
VisualStudioVersion = 16.0.29318.209
MinimumVisualStudioVersion = 10.0.40219.1
Project("{FAE04EC0-301F-11D3-BF4B-00C04F79EFBC}") = "HumaneSociety", "HumaneSociety\HumaneSociety.csproj", "{71373781-A834-4F7D-8728-2B8B062D204E}"
EndProject
Global
	GlobalSection(SolutionConfigurationPlatforms) = preSolution
		Debug|Any CPU = Debug|Any CPU
		Release|Any CPU = Release|Any CPU
	EndGlobalSection
	GlobalSection(ProjectConfigurationPlatforms) = postSolution
		{71373781-A834-4F7D-8728-2B8B062D204E}.Debug|Any CPU.ActiveCfg = Debug|Any CPU
		{71373781-A834-4F7D-8728-2B8B062D204E}.Debug|Any CPU.Build.0 = Debug|Any CPU
		{71373781-A834-4F7D-8728-2B8B062D204E}.Release|Any CPU.ActiveCfg = Release|Any CPU
		{71373781-A834-4F7D-8728-2B8B062D204E}.Release|Any CPU.Build.0 = Release|Any CPU
	EndGlobalSection
	GlobalSection(SolutionProperties) = preSolution
		HideSolutionNode = FALSE
	EndGlobalSection
	GlobalSection(ExtensibilityGlobals) = postSolution
		SolutionGuid = {03919AE2-5BC5-4485-9B11-2150757BD260}
	EndGlobalSection
EndGlobal
